
Microsoft Visual Studio Solution File, Format Version 12.00
# Visual Studio 2013
VisualStudioVersion = 12.0.30723.0
MinimumVisualStudioVersion = 10.0.40219.1
Project("{8BC9CEB8-8B4A-11D0-8D11-00A0C91BC942}") = "stressDX", "stressDX\stressDX.vcxproj", "{1F65829A-6E4E-44A3-9C9C-A42414F6423F}"
EndProject
Global
	GlobalSection(SolutionConfigurationPlatforms) = preSolution
		Debug|Win32 = Debug|Win32
		Release|Win32 = Release|Win32
	EndGlobalSection
	GlobalSection(ProjectConfigurationPlatforms) = postSolution
		{1F65829A-6E4E-44A3-9C9C-A42414F6423F}.Debug|Win32.ActiveCfg = Debug|Win32
		{1F65829A-6E4E-44A3-9C9C-A42414F6423F}.Debug|Win32.Build.0 = Debug|Win32
		{1F65829A-6E4E-44A3-9C9C-A42414F6423F}.Release|Win32.ActiveCfg = Release|Win32
		{1F65829A-6E4E-44A3-9C9C-A42414F6423F}.Release|Win32.Build.0 = Release|Win32
	EndGlobalSection
	GlobalSection(SolutionProperties) = preSolution
		HideSolutionNode = FALSE
	EndGlobalSection
EndGlobal
